
Microsoft Visual Studio Solution File, Format Version 12.00
# Visual Studio Version 17
VisualStudioVersion = 17.8.34330.188
MinimumVisualStudioVersion = 10.0.40219.1
Project("{FAE04EC0-301F-11D3-BF4B-00C04F79EFBC}") = "BMI", "BMI\BMI.csproj", "{50E8C432-E2A3-4969-AA9F-8D91A2DA9F68}"
EndProject
Global
	GlobalSection(SolutionConfigurationPlatforms) = preSolution
		Debug|Any CPU = Debug|Any CPU
		Release|Any CPU = Release|Any CPU
	EndGlobalSection
	GlobalSection(ProjectConfigurationPlatforms) = postSolution
		{50E8C432-E2A3-4969-AA9F-8D91A2DA9F68}.Debug|Any CPU.ActiveCfg = Debug|Any CPU
		{50E8C432-E2A3-4969-AA9F-8D91A2DA9F68}.Debug|Any CPU.Build.0 = Debug|Any CPU
		{50E8C432-E2A3-4969-AA9F-8D91A2DA9F68}.Debug|Any CPU.Deploy.0 = Debug|Any CPU
		{50E8C432-E2A3-4969-AA9F-8D91A2DA9F68}.Release|Any CPU.ActiveCfg = Release|Any CPU
		{50E8C432-E2A3-4969-AA9F-8D91A2DA9F68}.Release|Any CPU.Build.0 = Release|Any CPU
		{50E8C432-E2A3-4969-AA9F-8D91A2DA9F68}.Release|Any CPU.Deploy.0 = Release|Any CPU
	EndGlobalSection
	GlobalSection(SolutionProperties) = preSolution
		HideSolutionNode = FALSE
	EndGlobalSection
	GlobalSection(ExtensibilityGlobals) = postSolution
		SolutionGuid = {214E812F-FCA1-4DF8-9363-E36AA442B75B}
	EndGlobalSection
EndGlobal
